
Microsoft Visual Studio Solution File, Format Version 12.00
# Visual Studio Version 16
VisualStudioVersion = 16.0.31105.61
MinimumVisualStudioVersion = 10.0.40219.1
Project("{FAE04EC0-301F-11D3-BF4B-00C04F79EFBC}") = "Datos", "Datos\Datos.csproj", "{6B44EBB4-0779-4DE1-B974-F749DAEC065A}"
EndProject
Project("{FAE04EC0-301F-11D3-BF4B-00C04F79EFBC}") = "Servicios", "Servicios\Servicios.csproj", "{6046ED7E-A7B5-49B9-9693-C68CE9DCB392}"
EndProject
Project("{FAE04EC0-301F-11D3-BF4B-00C04F79EFBC}") = "Api", "Api\Api.csproj", "{DDD3E4A3-B9B5-4871-9462-7701BCF83EF1}"
EndProject
Global
	GlobalSection(SolutionConfigurationPlatforms) = preSolution
		Debug|Any CPU = Debug|Any CPU
		Release|Any CPU = Release|Any CPU
	EndGlobalSection
	GlobalSection(ProjectConfigurationPlatforms) = postSolution
		{6B44EBB4-0779-4DE1-B974-F749DAEC065A}.Debug|Any CPU.ActiveCfg = Debug|Any CPU
		{6B44EBB4-0779-4DE1-B974-F749DAEC065A}.Debug|Any CPU.Build.0 = Debug|Any CPU
		{6B44EBB4-0779-4DE1-B974-F749DAEC065A}.Release|Any CPU.ActiveCfg = Release|Any CPU
		{6B44EBB4-0779-4DE1-B974-F749DAEC065A}.Release|Any CPU.Build.0 = Release|Any CPU
		{6046ED7E-A7B5-49B9-9693-C68CE9DCB392}.Debug|Any CPU.ActiveCfg = Debug|Any CPU
		{6046ED7E-A7B5-49B9-9693-C68CE9DCB392}.Debug|Any CPU.Build.0 = Debug|Any CPU
		{6046ED7E-A7B5-49B9-9693-C68CE9DCB392}.Release|Any CPU.ActiveCfg = Release|Any CPU
		{6046ED7E-A7B5-49B9-9693-C68CE9DCB392}.Release|Any CPU.Build.0 = Release|Any CPU
		{DDD3E4A3-B9B5-4871-9462-7701BCF83EF1}.Debug|Any CPU.ActiveCfg = Debug|Any CPU
		{DDD3E4A3-B9B5-4871-9462-7701BCF83EF1}.Debug|Any CPU.Build.0 = Debug|Any CPU
		{DDD3E4A3-B9B5-4871-9462-7701BCF83EF1}.Release|Any CPU.ActiveCfg = Release|Any CPU
		{DDD3E4A3-B9B5-4871-9462-7701BCF83EF1}.Release|Any CPU.Build.0 = Release|Any CPU
	EndGlobalSection
	GlobalSection(SolutionProperties) = preSolution
		HideSolutionNode = FALSE
	EndGlobalSection
	GlobalSection(ExtensibilityGlobals) = postSolution
		SolutionGuid = {37CBD75B-F35B-4062-A5D8-66D257EF8A3A}
	EndGlobalSection
EndGlobal
